
Microsoft Visual Studio Solution File, Format Version 12.00
# Visual Studio 15
VisualStudioVersion = 15.0.28307.136
MinimumVisualStudioVersion = 10.0.40219.1
Project("{FAE04EC0-301F-11D3-BF4B-00C04F79EFBC}") = "TestApp.Android", "TestApp\TestApp.Android\TestApp.Android.csproj", "{B6901A48-0274-43CA-93B7-4C858A479ACE}"
EndProject
Project("{FAE04EC0-301F-11D3-BF4B-00C04F79EFBC}") = "TestApp.iOS", "TestApp\TestApp.iOS\TestApp.iOS.csproj", "{ACD4B154-7D76-46A6-BF95-2DDDE35D2525}"
EndProject
Project("{D954291E-2A0B-460D-934E-DC6B0785DB48}") = "TestApp", "TestApp\TestApp\TestApp.shproj", "{95CB7A7F-11F0-4AE8-89D3-2533879C3DE4}"
EndProject
Global
	GlobalSection(SharedMSBuildProjectFiles) = preSolution
		TestApp\TestApp\TestApp.projitems*{95cb7a7f-11f0-4ae8-89d3-2533879c3de4}*SharedItemsImports = 13
		TestApp\TestApp\TestApp.projitems*{acd4b154-7d76-46a6-bf95-2ddde35d2525}*SharedItemsImports = 4
		TestApp\TestApp\TestApp.projitems*{b6901a48-0274-43ca-93b7-4c858a479ace}*SharedItemsImports = 4
	EndGlobalSection
	GlobalSection(SolutionConfigurationPlatforms) = preSolution
		Ad-Hoc|Any CPU = Ad-Hoc|Any CPU
		Ad-Hoc|iPhone = Ad-Hoc|iPhone
		Ad-Hoc|iPhoneSimulator = Ad-Hoc|iPhoneSimulator
		AppStore|Any CPU = AppStore|Any CPU
		AppStore|iPhone = AppStore|iPhone
		AppStore|iPhoneSimulator = AppStore|iPhoneSimulator
		Debug|Any CPU = Debug|Any CPU
		Debug|iPhone = Debug|iPhone
		Debug|iPhoneSimulator = Debug|iPhoneSimulator
		Release|Any CPU = Release|Any CPU
		Release|iPhone = Release|iPhone
		Release|iPhoneSimulator = Release|iPhoneSimulator
	EndGlobalSection
	GlobalSection(ProjectConfigurationPlatforms) = postSolution
		{B6901A48-0274-43CA-93B7-4C858A479ACE}.Ad-Hoc|Any CPU.ActiveCfg = Release|Any CPU
		{B6901A48-0274-43CA-93B7-4C858A479ACE}.Ad-Hoc|Any CPU.Build.0 = Release|Any CPU
		{B6901A48-0274-43CA-93B7-4C858A479ACE}.Ad-Hoc|Any CPU.Deploy.0 = Release|Any CPU
		{B6901A48-0274-43CA-93B7-4C858A479ACE}.Ad-Hoc|iPhone.ActiveCfg = Release|Any CPU
		{B6901A48-0274-43CA-93B7-4C858A479ACE}.Ad-Hoc|iPhone.Build.0 = Release|Any CPU
		{B6901A48-0274-43CA-93B7-4C858A479ACE}.Ad-Hoc|iPhone.Deploy.0 = Release|Any CPU
		{B6901A48-0274-43CA-93B7-4C858A479ACE}.Ad-Hoc|iPhoneSimulator.ActiveCfg = Release|Any CPU
		{B6901A48-0274-43CA-93B7-4C858A479ACE}.Ad-Hoc|iPhoneSimulator.Build.0 = Release|Any CPU
		{B6901A48-0274-43CA-93B7-4C858A479ACE}.Ad-Hoc|iPhoneSimulator.Deploy.0 = Release|Any CPU
		{B6901A48-0274-43CA-93B7-4C858A479ACE}.AppStore|Any CPU.ActiveCfg = Release|Any CPU
		{B6901A48-0274-43CA-93B7-4C858A479ACE}.AppStore|Any CPU.Build.0 = Release|Any CPU
		{B6901A48-0274-43CA-93B7-4C858A479ACE}.AppStore|Any CPU.Deploy.0 = Release|Any CPU
		{B6901A48-0274-43CA-93B7-4C858A479ACE}.AppStore|iPhone.ActiveCfg = Release|Any CPU
		{B6901A48-0274-43CA-93B7-4C858A479ACE}.AppStore|iPhone.Build.0 = Release|Any CPU
		{B6901A48-0274-43CA-93B7-4C858A479ACE}.AppStore|iPhone.Deploy.0 = Release|Any CPU
		{B6901A48-0274-43CA-93B7-4C858A479ACE}.AppStore|iPhoneSimulator.ActiveCfg = Release|Any CPU
		{B6901A48-0274-43CA-93B7-4C858A479ACE}.AppStore|iPhoneSimulator.Build.0 = Release|Any CPU
		{B6901A48-0274-43CA-93B7-4C858A479ACE}.AppStore|iPhoneSimulator.Deploy.0 = Release|Any CPU
		{B6901A48-0274-43CA-93B7-4C858A479ACE}.Debug|Any CPU.ActiveCfg = Debug|Any CPU
		{B6901A48-0274-43CA-93B7-4C858A479ACE}.Debug|Any CPU.Build.0 = Debug|Any CPU
		{B6901A48-0274-43CA-93B7-4C858A479ACE}.Debug|Any CPU.Deploy.0 = Debug|Any CPU
		{B6901A48-0274-43CA-93B7-4C858A479ACE}.Debug|iPhone.ActiveCfg = Debug|Any CPU
		{B6901A48-0274-43CA-93B7-4C858A479ACE}.Debug|iPhone.Build.0 = Debug|Any CPU
		{B6901A48-0274-43CA-93B7-4C858A479ACE}.Debug|iPhone.Deploy.0 = Debug|Any CPU
		{B6901A48-0274-43CA-93B7-4C858A479ACE}.Debug|iPhoneSimulator.ActiveCfg = Debug|Any CPU
		{B6901A48-0274-43CA-93B7-4C858A479ACE}.Debug|iPhoneSimulator.Build.0 = Debug|Any CPU
		{B6901A48-0274-43CA-93B7-4C858A479ACE}.Debug|iPhoneSimulator.Deploy.0 = Debug|Any CPU
		{B6901A48-0274-43CA-93B7-4C858A479ACE}.Release|Any CPU.ActiveCfg = Release|Any CPU
		{B6901A48-0274-43CA-93B7-4C858A479ACE}.Release|Any CPU.Build.0 = Release|Any CPU
		{B6901A48-0274-43CA-93B7-4C858A479ACE}.Release|Any CPU.Deploy.0 = Release|Any CPU
		{B6901A48-0274-43CA-93B7-4C858A479ACE}.Release|iPhone.ActiveCfg = Release|Any CPU
		{B6901A48-0274-43CA-93B7-4C858A479ACE}.Release|iPhone.Build.0 = Release|Any CPU
		{B6901A48-0274-43CA-93B7-4C858A479ACE}.Release|iPhone.Deploy.0 = Release|Any CPU
		{B6901A48-0274-43CA-93B7-4C858A479ACE}.Release|iPhoneSimulator.ActiveCfg = Release|Any CPU
		{B6901A48-0274-43CA-93B7-4C858A479ACE}.Release|iPhoneSimulator.Build.0 = Release|Any CPU
		{B6901A48-0274-43CA-93B7-4C858A479ACE}.Release|iPhoneSimulator.Deploy.0 = Release|Any CPU
		{ACD4B154-7D76-46A6-BF95-2DDDE35D2525}.Ad-Hoc|Any CPU.ActiveCfg = Ad-Hoc|iPhone
		{ACD4B154-7D76-46A6-BF95-2DDDE35D2525}.Ad-Hoc|Any CPU.Build.0 = Ad-Hoc|iPhone
		{ACD4B154-7D76-46A6-BF95-2DDDE35D2525}.Ad-Hoc|Any CPU.Deploy.0 = Ad-Hoc|iPhone
		{ACD4B154-7D76-46A6-BF95-2DDDE35D2525}.Ad-Hoc|iPhone.ActiveCfg = Ad-Hoc|iPhone
		{ACD4B154-7D76-46A6-BF95-2DDDE35D2525}.Ad-Hoc|iPhone.Build.0 = Ad-Hoc|iPhone
		{ACD4B154-7D76-46A6-BF95-2DDDE35D2525}.Ad-Hoc|iPhone.Deploy.0 = Ad-Hoc|iPhone
		{ACD4B154-7D76-46A6-BF95-2DDDE35D2525}.Ad-Hoc|iPhoneSimulator.ActiveCfg = Ad-Hoc|iPhoneSimulator
		{ACD4B154-7D76-46A6-BF95-2DDDE35D2525}.Ad-Hoc|iPhoneSimulator.Build.0 = Ad-Hoc|iPhoneSimulator
		{ACD4B154-7D76-46A6-BF95-2DDDE35D2525}.Ad-Hoc|iPhoneSimulator.Deploy.0 = Ad-Hoc|iPhoneSimulator
		{ACD4B154-7D76-46A6-BF95-2DDDE35D2525}.AppStore|Any CPU.ActiveCfg = AppStore|iPhone
		{ACD4B154-7D76-46A6-BF95-2DDDE35D2525}.AppStore|Any CPU.Build.0 = AppStore|iPhone
		{ACD4B154-7D76-46A6-BF95-2DDDE35D2525}.AppStore|Any CPU.Deploy.0 = AppStore|iPhone
		{ACD4B154-7D76-46A6-BF95-2DDDE35D2525}.AppStore|iPhone.ActiveCfg = AppStore|iPhone
		{ACD4B154-7D76-46A6-BF95-2DDDE35D2525}.AppStore|iPhone.Build.0 = AppStore|iPhone
		{ACD4B154-7D76-46A6-BF95-2DDDE35D2525}.AppStore|iPhone.Deploy.0 = AppStore|iPhone
		{ACD4B154-7D76-46A6-BF95-2DDDE35D2525}.AppStore|iPhoneSimulator.ActiveCfg = AppStore|iPhoneSimulator
		{ACD4B154-7D76-46A6-BF95-2DDDE35D2525}.AppStore|iPhoneSimulator.Build.0 = AppStore|iPhoneSimulator
		{ACD4B154-7D76-46A6-BF95-2DDDE35D2525}.AppStore|iPhoneSimulator.Deploy.0 = AppStore|iPhoneSimulator
		{ACD4B154-7D76-46A6-BF95-2DDDE35D2525}.Debug|Any CPU.ActiveCfg = Debug|iPhoneSimulator
		{ACD4B154-7D76-46A6-BF95-2DDDE35D2525}.Debug|Any CPU.Build.0 = Debug|iPhoneSimulator
		{ACD4B154-7D76-46A6-BF95-2DDDE35D2525}.Debug|Any CPU.Deploy.0 = Debug|iPhoneSimulator
		{ACD4B154-7D76-46A6-BF95-2DDDE35D2525}.Debug|iPhone.ActiveCfg = Debug|iPhone
		{ACD4B154-7D76-46A6-BF95-2DDDE35D2525}.Debug|iPhone.Build.0 = Debug|iPhone
		{ACD4B154-7D76-46A6-BF95-2DDDE35D2525}.Debug|iPhone.Deploy.0 = Debug|iPhone
		{ACD4B154-7D76-46A6-BF95-2DDDE35D2525}.Debug|iPhoneSimulator.ActiveCfg = Debug|iPhoneSimulator
		{ACD4B154-7D76-46A6-BF95-2DDDE35D2525}.Debug|iPhoneSimulator.Build.0 = Debug|iPhoneSimulator
		{ACD4B154-7D76-46A6-BF95-2DDDE35D2525}.Debug|iPhoneSimulator.Deploy.0 = Debug|iPhoneSimulator
		{ACD4B154-7D76-46A6-BF95-2DDDE35D2525}.Release|Any CPU.ActiveCfg = Release|iPhone
		{ACD4B154-7D76-46A6-BF95-2DDDE35D2525}.Release|Any CPU.Build.0 = Release|iPhone
		{ACD4B154-7D76-46A6-BF95-2DDDE35D2525}.Release|Any CPU.Deploy.0 = Release|iPhone
		{ACD4B154-7D76-46A6-BF95-2DDDE35D2525}.Release|iPhone.ActiveCfg = Release|iPhone
		{ACD4B154-7D76-46A6-BF95-2DDDE35D2525}.Release|iPhone.Build.0 = Release|iPhone
		{ACD4B154-7D76-46A6-BF95-2DDDE35D2525}.Release|iPhone.Deploy.0 = Release|iPhone
		{ACD4B154-7D76-46A6-BF95-2DDDE35D2525}.Release|iPhoneSimulator.ActiveCfg = Release|iPhoneSimulator
		{ACD4B154-7D76-46A6-BF95-2DDDE35D2525}.Release|iPhoneSimulator.Build.0 = Release|iPhoneSimulator
		{ACD4B154-7D76-46A6-BF95-2DDDE35D2525}.Release|iPhoneSimulator.Deploy.0 = Release|iPhoneSimulator
	EndGlobalSection
	GlobalSection(SolutionProperties) = preSolution
		HideSolutionNode = FALSE
	EndGlobalSection
	GlobalSection(ExtensibilityGlobals) = postSolution
		SolutionGuid = {0343498B-CA71-4E2F-AFC9-40D11C12230A}
	EndGlobalSection
EndGlobal
